
Microsoft Visual Studio Solution File, Format Version 12.00
# Visual Studio Version 17
VisualStudioVersion = 17.14.36414.22 d17.14
MinimumVisualStudioVersion = 10.0.40219.1
Project("{FAE04EC0-301F-11D3-BF4B-00C04F79EFBC}") = "NguyenThiBachVien_1150080122", "NguyenThiBachVien_1150080122\NguyenThiBachVien_1150080122.csproj", "{7C44EEDA-191F-4AC7-AFD4-12048971577C}"
EndProject
Global
	GlobalSection(SolutionConfigurationPlatforms) = preSolution
		Debug|Any CPU = Debug|Any CPU
		Release|Any CPU = Release|Any CPU
	EndGlobalSection
	GlobalSection(ProjectConfigurationPlatforms) = postSolution
		{7C44EEDA-191F-4AC7-AFD4-12048971577C}.Debug|Any CPU.ActiveCfg = Debug|Any CPU
		{7C44EEDA-191F-4AC7-AFD4-12048971577C}.Debug|Any CPU.Build.0 = Debug|Any CPU
		{7C44EEDA-191F-4AC7-AFD4-12048971577C}.Release|Any CPU.ActiveCfg = Release|Any CPU
		{7C44EEDA-191F-4AC7-AFD4-12048971577C}.Release|Any CPU.Build.0 = Release|Any CPU
	EndGlobalSection
	GlobalSection(SolutionProperties) = preSolution
		HideSolutionNode = FALSE
	EndGlobalSection
	GlobalSection(ExtensibilityGlobals) = postSolution
		SolutionGuid = {61E26443-A413-434A-A767-1D86A21002FA}
	EndGlobalSection
EndGlobal
