
Microsoft Visual Studio Solution File, Format Version 12.00
# Visual Studio Version 17
VisualStudioVersion = 17.14.36414.22 d17.14
MinimumVisualStudioVersion = 10.0.40219.1
Project("{FAE04EC0-301F-11D3-BF4B-00C04F79EFBC}") = "Nguyenthibachvien_1150080122_lab5", "Nguyenthibachvien_1150080122_lab5\Nguyenthibachvien_1150080122_lab5.csproj", "{7D6ECEB8-8327-4F5A-A033-84B48382FC46}"
EndProject
Global
	GlobalSection(SolutionConfigurationPlatforms) = preSolution
		Debug|Any CPU = Debug|Any CPU
		Release|Any CPU = Release|Any CPU
	EndGlobalSection
	GlobalSection(ProjectConfigurationPlatforms) = postSolution
		{7D6ECEB8-8327-4F5A-A033-84B48382FC46}.Debug|Any CPU.ActiveCfg = Debug|Any CPU
		{7D6ECEB8-8327-4F5A-A033-84B48382FC46}.Debug|Any CPU.Build.0 = Debug|Any CPU
		{7D6ECEB8-8327-4F5A-A033-84B48382FC46}.Release|Any CPU.ActiveCfg = Release|Any CPU
		{7D6ECEB8-8327-4F5A-A033-84B48382FC46}.Release|Any CPU.Build.0 = Release|Any CPU
	EndGlobalSection
	GlobalSection(SolutionProperties) = preSolution
		HideSolutionNode = FALSE
	EndGlobalSection
	GlobalSection(ExtensibilityGlobals) = postSolution
		SolutionGuid = {81A0EC6C-0694-482B-A850-6C62721C8A00}
	EndGlobalSection
EndGlobal
